
Microsoft Visual Studio Solution File, Format Version 12.00
# Visual Studio Version 17
VisualStudioVersion = 17.9.34616.47
MinimumVisualStudioVersion = 10.0.40219.1
Project("{9A19103F-16F7-4668-BE54-9A1E7A4F7556}") = "RSSFeedify", "RSSFeedify\RSSFeedify.csproj", "{880FFADF-68BB-4157-B7EE-3D2D89EB8367}"
EndProject
Project("{9A19103F-16F7-4668-BE54-9A1E7A4F7556}") = "RSSFeedifyCLIClient", "RSSFeedifyCLIClient\RSSFeedifyCLIClient.csproj", "{1E1EAE05-CBDA-4D34-A0B2-5F920A9CAFE7}"
EndProject
Project("{9A19103F-16F7-4668-BE54-9A1E7A4F7556}") = "RSSFeedifyClientCore", "RSSFeedifyClientCore\RSSFeedifyClientCore.csproj", "{64E98F0C-0854-4573-807D-C2651E9BAB7E}"
EndProject
Project("{9A19103F-16F7-4668-BE54-9A1E7A4F7556}") = "RSSFeedifyCommon", "RSSFeedifyCommon\RSSFeedifyCommon.csproj", "{A0985B8F-9175-4845-98BA-BE455B6D6DD4}"
EndProject
Project("{FAE04EC0-301F-11D3-BF4B-00C04F79EFBC}") = "RSSFeedifyTests", "RSSFeedifyTests\RSSFeedifyTests.csproj", "{4A9F2C09-89E7-4FA4-A1B2-9ECA99007953}"
EndProject
Global
	GlobalSection(SolutionConfigurationPlatforms) = preSolution
		Debug|Any CPU = Debug|Any CPU
		Release|Any CPU = Release|Any CPU
	EndGlobalSection
	GlobalSection(ProjectConfigurationPlatforms) = postSolution
		{880FFADF-68BB-4157-B7EE-3D2D89EB8367}.Debug|Any CPU.ActiveCfg = Debug|Any CPU
		{880FFADF-68BB-4157-B7EE-3D2D89EB8367}.Debug|Any CPU.Build.0 = Debug|Any CPU
		{880FFADF-68BB-4157-B7EE-3D2D89EB8367}.Release|Any CPU.ActiveCfg = Release|Any CPU
		{880FFADF-68BB-4157-B7EE-3D2D89EB8367}.Release|Any CPU.Build.0 = Release|Any CPU
		{1E1EAE05-CBDA-4D34-A0B2-5F920A9CAFE7}.Debug|Any CPU.ActiveCfg = Debug|Any CPU
		{1E1EAE05-CBDA-4D34-A0B2-5F920A9CAFE7}.Debug|Any CPU.Build.0 = Debug|Any CPU
		{1E1EAE05-CBDA-4D34-A0B2-5F920A9CAFE7}.Release|Any CPU.ActiveCfg = Release|Any CPU
		{1E1EAE05-CBDA-4D34-A0B2-5F920A9CAFE7}.Release|Any CPU.Build.0 = Release|Any CPU
		{64E98F0C-0854-4573-807D-C2651E9BAB7E}.Debug|Any CPU.ActiveCfg = Debug|Any CPU
		{64E98F0C-0854-4573-807D-C2651E9BAB7E}.Debug|Any CPU.Build.0 = Debug|Any CPU
		{64E98F0C-0854-4573-807D-C2651E9BAB7E}.Release|Any CPU.ActiveCfg = Release|Any CPU
		{64E98F0C-0854-4573-807D-C2651E9BAB7E}.Release|Any CPU.Build.0 = Release|Any CPU
		{A0985B8F-9175-4845-98BA-BE455B6D6DD4}.Debug|Any CPU.ActiveCfg = Debug|Any CPU
		{A0985B8F-9175-4845-98BA-BE455B6D6DD4}.Debug|Any CPU.Build.0 = Debug|Any CPU
		{A0985B8F-9175-4845-98BA-BE455B6D6DD4}.Release|Any CPU.ActiveCfg = Release|Any CPU
		{A0985B8F-9175-4845-98BA-BE455B6D6DD4}.Release|Any CPU.Build.0 = Release|Any CPU
		{4A9F2C09-89E7-4FA4-A1B2-9ECA99007953}.Debug|Any CPU.ActiveCfg = Debug|Any CPU
		{4A9F2C09-89E7-4FA4-A1B2-9ECA99007953}.Debug|Any CPU.Build.0 = Debug|Any CPU
		{4A9F2C09-89E7-4FA4-A1B2-9ECA99007953}.Release|Any CPU.ActiveCfg = Release|Any CPU
		{4A9F2C09-89E7-4FA4-A1B2-9ECA99007953}.Release|Any CPU.Build.0 = Release|Any CPU
	EndGlobalSection
	GlobalSection(SolutionProperties) = preSolution
		HideSolutionNode = FALSE
	EndGlobalSection
	GlobalSection(ExtensibilityGlobals) = postSolution
		SolutionGuid = {878709D9-C85F-4E05-B65D-23EE1CA91782}
	EndGlobalSection
EndGlobal
