
Microsoft Visual Studio Solution File, Format Version 12.00
# Visual Studio Version 17
VisualStudioVersion = 17.9.34616.47
MinimumVisualStudioVersion = 10.0.40219.1
Project("{9A19103F-16F7-4668-BE54-9A1E7A4F7556}") = "RSSFeedify", "RSSFeedify\RSSFeedify.csproj", "{880FFADF-68BB-4157-B7EE-3D2D89EB8367}"
EndProject
Project("{9A19103F-16F7-4668-BE54-9A1E7A4F7556}") = "RSSFeedifyCLIClient", "RSSFeedifyCLIClient\RSSFeedifyCLIClient.csproj", "{1E1EAE05-CBDA-4D34-A0B2-5F920A9CAFE7}"
EndProject
Global
	GlobalSection(SolutionConfigurationPlatforms) = preSolution
		Debug|Any CPU = Debug|Any CPU
		Release|Any CPU = Release|Any CPU
	EndGlobalSection
	GlobalSection(ProjectConfigurationPlatforms) = postSolution
		{880FFADF-68BB-4157-B7EE-3D2D89EB8367}.Debug|Any CPU.ActiveCfg = Debug|Any CPU
		{880FFADF-68BB-4157-B7EE-3D2D89EB8367}.Debug|Any CPU.Build.0 = Debug|Any CPU
		{880FFADF-68BB-4157-B7EE-3D2D89EB8367}.Release|Any CPU.ActiveCfg = Release|Any CPU
		{880FFADF-68BB-4157-B7EE-3D2D89EB8367}.Release|Any CPU.Build.0 = Release|Any CPU
		{1E1EAE05-CBDA-4D34-A0B2-5F920A9CAFE7}.Debug|Any CPU.ActiveCfg = Debug|Any CPU
		{1E1EAE05-CBDA-4D34-A0B2-5F920A9CAFE7}.Debug|Any CPU.Build.0 = Debug|Any CPU
		{1E1EAE05-CBDA-4D34-A0B2-5F920A9CAFE7}.Release|Any CPU.ActiveCfg = Release|Any CPU
		{1E1EAE05-CBDA-4D34-A0B2-5F920A9CAFE7}.Release|Any CPU.Build.0 = Release|Any CPU
	EndGlobalSection
	GlobalSection(SolutionProperties) = preSolution
		HideSolutionNode = FALSE
	EndGlobalSection
	GlobalSection(ExtensibilityGlobals) = postSolution
		SolutionGuid = {878709D9-C85F-4E05-B65D-23EE1CA91782}
	EndGlobalSection
EndGlobal
